
Microsoft Visual Studio Solution File, Format Version 12.00
# Visual Studio 15
VisualStudioVersion = 15.0.28307.572
MinimumVisualStudioVersion = 10.0.40219.1
Project("{9A19103F-16F7-4668-BE54-9A1E7A4F7556}") = "WebApplicationSignalR", "WebApplicationSignalR.csproj", "{7262A89B-D58E-4070-9208-F31ACBF3E685}"
EndProject
Global
	GlobalSection(SolutionConfigurationPlatforms) = preSolution
		Debug|Any CPU = Debug|Any CPU
		Release|Any CPU = Release|Any CPU
	EndGlobalSection
	GlobalSection(ProjectConfigurationPlatforms) = postSolution
		{7262A89B-D58E-4070-9208-F31ACBF3E685}.Debug|Any CPU.ActiveCfg = Debug|Any CPU
		{7262A89B-D58E-4070-9208-F31ACBF3E685}.Debug|Any CPU.Build.0 = Debug|Any CPU
		{7262A89B-D58E-4070-9208-F31ACBF3E685}.Release|Any CPU.ActiveCfg = Release|Any CPU
		{7262A89B-D58E-4070-9208-F31ACBF3E685}.Release|Any CPU.Build.0 = Release|Any CPU
	EndGlobalSection
	GlobalSection(SolutionProperties) = preSolution
		HideSolutionNode = FALSE
	EndGlobalSection
	GlobalSection(ExtensibilityGlobals) = postSolution
		SolutionGuid = {28174C6C-1A6A-47F8-B21C-1C1C285FA0DE}
	EndGlobalSection
EndGlobal
